// !$*UTF8*$!
{
	archiveVersion = 1;
	classes = {
	};
	objectVersion = 56;
	objects = {

/* Begin PBXBuildFile section */
		006F2C8029CE434800C4FB57 /* JointValidator.swift in Sources */ = {isa = PBXBuildFile; fileRef = 006F2C7F29CE434800C4FB57 /* JointValidator.swift */; };
		D93D506C29C8A0F200721B57 /* JointsOverlayView.swift in Sources */ = {isa = PBXBuildFile; fileRef = D93D506B29C8A0F200721B57 /* JointsOverlayView.swift */; };
		D93D506E29C9A4F900721B57 /* CameraView.swift in Sources */ = {isa = PBXBuildFile; fileRef = D93D506D29C9A4F900721B57 /* CameraView.swift */; };
		D97FB31229C1EA60008AF4CE /* VideoCapture.swift in Sources */ = {isa = PBXBuildFile; fileRef = D97FB31129C1EA60008AF4CE /* VideoCapture.swift */; };
		D97FB31429C32F0F008AF4CE /* PoseDetector.swift in Sources */ = {isa = PBXBuildFile; fileRef = D97FB31329C32F0E008AF4CE /* PoseDetector.swift */; };
		D97FB31629C331E5008AF4CE /* VisionRequestBuilder.swift in Sources */ = {isa = PBXBuildFile; fileRef = D97FB31529C331E5008AF4CE /* VisionRequestBuilder.swift */; };
		D97FB31829C34C87008AF4CE /* VisionResponseHandler.swift in Sources */ = {isa = PBXBuildFile; fileRef = D97FB31729C34C87008AF4CE /* VisionResponseHandler.swift */; };
		D9A69CBA29CF2CDB009D43B2 /* AlertViews.swift in Sources */ = {isa = PBXBuildFile; fileRef = D9A69CB929CF2CDB009D43B2 /* AlertViews.swift */; };
		D9A69CBC29CF35BB009D43B2 /* AlertView.xib in Resources */ = {isa = PBXBuildFile; fileRef = D9A69CBB29CF35BB009D43B2 /* AlertView.xib */; };
		D9A69CBE29CF36F2009D43B2 /* AlertView.swift in Sources */ = {isa = PBXBuildFile; fileRef = D9A69CBD29CF36F2009D43B2 /* AlertView.swift */; };
		D9CF2A1629BF2E160079EC23 /* AppDelegate.swift in Sources */ = {isa = PBXBuildFile; fileRef = D9CF2A1529BF2E160079EC23 /* AppDelegate.swift */; };
		D9CF2A1829BF2E160079EC23 /* SceneDelegate.swift in Sources */ = {isa = PBXBuildFile; fileRef = D9CF2A1729BF2E160079EC23 /* SceneDelegate.swift */; };
		D9CF2A1A29BF2E160079EC23 /* MainViewController.swift in Sources */ = {isa = PBXBuildFile; fileRef = D9CF2A1929BF2E160079EC23 /* MainViewController.swift */; };
		D9CF2A1D29BF2E160079EC23 /* Main.storyboard in Resources */ = {isa = PBXBuildFile; fileRef = D9CF2A1B29BF2E160079EC23 /* Main.storyboard */; };
		D9CF2A1F29BF2E180079EC23 /* Assets.xcassets in Resources */ = {isa = PBXBuildFile; fileRef = D9CF2A1E29BF2E180079EC23 /* Assets.xcassets */; };
		D9CF2A2229BF2E180079EC23 /* LaunchScreen.storyboard in Resources */ = {isa = PBXBuildFile; fileRef = D9CF2A2029BF2E180079EC23 /* LaunchScreen.storyboard */; };
		D9CF2A2A29C0643E0079EC23 /* MediaSourceController.swift in Sources */ = {isa = PBXBuildFile; fileRef = D9CF2A2929C0643E0079EC23 /* MediaSourceController.swift */; };
		D9CF2A2C29C064530079EC23 /* MediaSourceViewModel.swift in Sources */ = {isa = PBXBuildFile; fileRef = D9CF2A2B29C064530079EC23 /* MediaSourceViewModel.swift */; };
		D9CF2A2E29C064680079EC23 /* MainViewModel.swift in Sources */ = {isa = PBXBuildFile; fileRef = D9CF2A2D29C064680079EC23 /* MainViewModel.swift */; };
/* End PBXBuildFile section */

/* Begin PBXFileReference section */
		006F2C7F29CE434800C4FB57 /* JointValidator.swift */ = {isa = PBXFileReference; lastKnownFileType = sourcecode.swift; path = JointValidator.swift; sourceTree = "<group>"; };
		D93D506B29C8A0F200721B57 /* JointsOverlayView.swift */ = {isa = PBXFileReference; lastKnownFileType = sourcecode.swift; path = JointsOverlayView.swift; sourceTree = "<group>"; };
		D93D506D29C9A4F900721B57 /* CameraView.swift */ = {isa = PBXFileReference; lastKnownFileType = sourcecode.swift; path = CameraView.swift; sourceTree = "<group>"; };
		D97FB31129C1EA60008AF4CE /* VideoCapture.swift */ = {isa = PBXFileReference; lastKnownFileType = sourcecode.swift; path = VideoCapture.swift; sourceTree = "<group>"; };
		D97FB31329C32F0E008AF4CE /* PoseDetector.swift */ = {isa = PBXFileReference; lastKnownFileType = sourcecode.swift; path = PoseDetector.swift; sourceTree = "<group>"; };
		D97FB31529C331E5008AF4CE /* VisionRequestBuilder.swift */ = {isa = PBXFileReference; lastKnownFileType = sourcecode.swift; path = VisionRequestBuilder.swift; sourceTree = "<group>"; };
		D97FB31729C34C87008AF4CE /* VisionResponseHandler.swift */ = {isa = PBXFileReference; lastKnownFileType = sourcecode.swift; path = VisionResponseHandler.swift; sourceTree = "<group>"; };
		D9A69CB929CF2CDB009D43B2 /* AlertViews.swift */ = {isa = PBXFileReference; lastKnownFileType = sourcecode.swift; path = AlertViews.swift; sourceTree = "<group>"; };
		D9A69CBB29CF35BB009D43B2 /* AlertView.xib */ = {isa = PBXFileReference; lastKnownFileType = file.xib; path = AlertView.xib; sourceTree = "<group>"; };
		D9A69CBD29CF36F2009D43B2 /* AlertView.swift */ = {isa = PBXFileReference; lastKnownFileType = sourcecode.swift; path = AlertView.swift; sourceTree = "<group>"; };
		D9CF2A1229BF2E160079EC23 /* PoseSaver.app */ = {isa = PBXFileReference; explicitFileType = wrapper.application; includeInIndex = 0; path = PoseSaver.app; sourceTree = BUILT_PRODUCTS_DIR; };
		D9CF2A1529BF2E160079EC23 /* AppDelegate.swift */ = {isa = PBXFileReference; lastKnownFileType = sourcecode.swift; path = AppDelegate.swift; sourceTree = "<group>"; };
		D9CF2A1729BF2E160079EC23 /* SceneDelegate.swift */ = {isa = PBXFileReference; lastKnownFileType = sourcecode.swift; path = SceneDelegate.swift; sourceTree = "<group>"; };
		D9CF2A1929BF2E160079EC23 /* MainViewController.swift */ = {isa = PBXFileReference; lastKnownFileType = sourcecode.swift; path = MainViewController.swift; sourceTree = "<group>"; };
		D9CF2A1C29BF2E160079EC23 /* Base */ = {isa = PBXFileReference; lastKnownFileType = file.storyboard; name = Base; path = Base.lproj/Main.storyboard; sourceTree = "<group>"; };
		D9CF2A1E29BF2E180079EC23 /* Assets.xcassets */ = {isa = PBXFileReference; lastKnownFileType = folder.assetcatalog; path = Assets.xcassets; sourceTree = "<group>"; };
		D9CF2A2129BF2E180079EC23 /* Base */ = {isa = PBXFileReference; lastKnownFileType = file.storyboard; name = Base; path = Base.lproj/LaunchScreen.storyboard; sourceTree = "<group>"; };
		D9CF2A2329BF2E180079EC23 /* Info.plist */ = {isa = PBXFileReference; lastKnownFileType = text.plist.xml; path = Info.plist; sourceTree = "<group>"; };
		D9CF2A2929C0643E0079EC23 /* MediaSourceController.swift */ = {isa = PBXFileReference; lastKnownFileType = sourcecode.swift; path = MediaSourceController.swift; sourceTree = "<group>"; };
		D9CF2A2B29C064530079EC23 /* MediaSourceViewModel.swift */ = {isa = PBXFileReference; lastKnownFileType = sourcecode.swift; path = MediaSourceViewModel.swift; sourceTree = "<group>"; };
		D9CF2A2D29C064680079EC23 /* MainViewModel.swift */ = {isa = PBXFileReference; lastKnownFileType = sourcecode.swift; path = MainViewModel.swift; sourceTree = "<group>"; };
/* End PBXFileReference section */

/* Begin PBXFrameworksBuildPhase section */
		D9CF2A0F29BF2E160079EC23 /* Frameworks */ = {
			isa = PBXFrameworksBuildPhase;
			buildActionMask = 2147483647;
			files = (
			);
			runOnlyForDeploymentPostprocessing = 0;
		};
/* End PBXFrameworksBuildPhase section */

/* Begin PBXGroup section */
		006F2C8129CE437B00C4FB57 /* OfficeJoint */ = {
			isa = PBXGroup;
			children = (
				D97FB31129C1EA60008AF4CE /* VideoCapture.swift */,
				D97FB31329C32F0E008AF4CE /* PoseDetector.swift */,
				D97FB31529C331E5008AF4CE /* VisionRequestBuilder.swift */,
				D97FB31729C34C87008AF4CE /* VisionResponseHandler.swift */,
				006F2C7F29CE434800C4FB57 /* JointValidator.swift */,
			);
			path = OfficeJoint;
			sourceTree = "<group>";
		};
		D93D506F29CAEE0C00721B57 /* Views */ = {
			isa = PBXGroup;
			children = (
				D93D506D29C9A4F900721B57 /* CameraView.swift */,
				D93D506B29C8A0F200721B57 /* JointsOverlayView.swift */,
				D9A69CB929CF2CDB009D43B2 /* AlertViews.swift */,
				D9A69CBB29CF35BB009D43B2 /* AlertView.xib */,
				D9A69CBD29CF36F2009D43B2 /* AlertView.swift */,
			);
			path = Views;
			sourceTree = "<group>";
		};
		D9CF2A0929BF2E160079EC23 = {
			isa = PBXGroup;
			children = (
				D9CF2A1429BF2E160079EC23 /* PoseSaver */,
				D9CF2A1329BF2E160079EC23 /* Products */,
			);
			sourceTree = "<group>";
		};
		D9CF2A1329BF2E160079EC23 /* Products */ = {
			isa = PBXGroup;
			children = (
				D9CF2A1229BF2E160079EC23 /* PoseSaver.app */,
			);
			name = Products;
			sourceTree = "<group>";
		};
		D9CF2A1429BF2E160079EC23 /* PoseSaver */ = {
			isa = PBXGroup;
			children = (
				D93D506F29CAEE0C00721B57 /* Views */,
				D9CF2A1529BF2E160079EC23 /* AppDelegate.swift */,
				D9CF2A1729BF2E160079EC23 /* SceneDelegate.swift */,
				D9CF2A1929BF2E160079EC23 /* MainViewController.swift */,
				D9CF2A2D29C064680079EC23 /* MainViewModel.swift */,
				D9CF2A1B29BF2E160079EC23 /* Main.storyboard */,
				D9CF2A1E29BF2E180079EC23 /* Assets.xcassets */,
				D9CF2A2029BF2E180079EC23 /* LaunchScreen.storyboard */,
				D9CF2A2329BF2E180079EC23 /* Info.plist */,
				D9CF2A2929C0643E0079EC23 /* MediaSourceController.swift */,
				D9CF2A2B29C064530079EC23 /* MediaSourceViewModel.swift */,
				006F2C8129CE437B00C4FB57 /* OfficeJoint */,
			);
			path = PoseSaver;
			sourceTree = "<group>";
		};
/* End PBXGroup section */

/* Begin PBXNativeTarget section */
		D9CF2A1129BF2E160079EC23 /* PoseSaver */ = {
			isa = PBXNativeTarget;
			buildConfigurationList = D9CF2A2629BF2E180079EC23 /* Build configuration list for PBXNativeTarget "PoseSaver" */;
			buildPhases = (
				D9CF2A0E29BF2E160079EC23 /* Sources */,
				D9CF2A0F29BF2E160079EC23 /* Frameworks */,
				D9CF2A1029BF2E160079EC23 /* Resources */,
			);
			buildRules = (
			);
			dependencies = (
			);
			name = PoseSaver;
			productName = PoseSaver;
			productReference = D9CF2A1229BF2E160079EC23 /* PoseSaver.app */;
			productType = "com.apple.product-type.application";
		};
/* End PBXNativeTarget section */

/* Begin PBXProject section */
		D9CF2A0A29BF2E160079EC23 /* Project object */ = {
			isa = PBXProject;
			attributes = {
				BuildIndependentTargetsInParallel = 1;
				LastSwiftUpdateCheck = 1410;
				LastUpgradeCheck = 1410;
				TargetAttributes = {
					D9CF2A1129BF2E160079EC23 = {
						CreatedOnToolsVersion = 14.1;
					};
				};
			};
			buildConfigurationList = D9CF2A0D29BF2E160079EC23 /* Build configuration list for PBXProject "PoseSaver" */;
			compatibilityVersion = "Xcode 14.0";
			developmentRegion = en;
			hasScannedForEncodings = 0;
			knownRegions = (
				en,
				Base,
			);
			mainGroup = D9CF2A0929BF2E160079EC23;
			productRefGroup = D9CF2A1329BF2E160079EC23 /* Products */;
			projectDirPath = "";
			projectRoot = "";
			targets = (
				D9CF2A1129BF2E160079EC23 /* PoseSaver */,
			);
		};
/* End PBXProject section */

/* Begin PBXResourcesBuildPhase section */
		D9CF2A1029BF2E160079EC23 /* Resources */ = {
			isa = PBXResourcesBuildPhase;
			buildActionMask = 2147483647;
			files = (
				D9CF2A2229BF2E180079EC23 /* LaunchScreen.storyboard in Resources */,
				D9A69CBC29CF35BB009D43B2 /* AlertView.xib in Resources */,
				D9CF2A1F29BF2E180079EC23 /* Assets.xcassets in Resources */,
				D9CF2A1D29BF2E160079EC23 /* Main.storyboard in Resources */,
			);
			runOnlyForDeploymentPostprocessing = 0;
		};
/* End PBXResourcesBuildPhase section */

/* Begin PBXSourcesBuildPhase section */
		D9CF2A0E29BF2E160079EC23 /* Sources */ = {
			isa = PBXSourcesBuildPhase;
			buildActionMask = 2147483647;
			files = (
				D9CF2A2C29C064530079EC23 /* MediaSourceViewModel.swift in Sources */,
				D97FB31629C331E5008AF4CE /* VisionRequestBuilder.swift in Sources */,
				D97FB31229C1EA60008AF4CE /* VideoCapture.swift in Sources */,
				D93D506E29C9A4F900721B57 /* CameraView.swift in Sources */,
				D9CF2A1A29BF2E160079EC23 /* MainViewController.swift in Sources */,
				D9A69CBE29CF36F2009D43B2 /* AlertView.swift in Sources */,
				D9CF2A1629BF2E160079EC23 /* AppDelegate.swift in Sources */,
				D9CF2A1829BF2E160079EC23 /* SceneDelegate.swift in Sources */,
				D9CF2A2A29C0643E0079EC23 /* MediaSourceController.swift in Sources */,
				D93D506C29C8A0F200721B57 /* JointsOverlayView.swift in Sources */,
				D9A69CBA29CF2CDB009D43B2 /* AlertViews.swift in Sources */,
				D97FB31829C34C87008AF4CE /* VisionResponseHandler.swift in Sources */,
				006F2C8029CE434800C4FB57 /* JointValidator.swift in Sources */,
				D97FB31429C32F0F008AF4CE /* PoseDetector.swift in Sources */,
				D9CF2A2E29C064680079EC23 /* MainViewModel.swift in Sources */,
			);
			runOnlyForDeploymentPostprocessing = 0;
		};
/* End PBXSourcesBuildPhase section */

/* Begin PBXVariantGroup section */
		D9CF2A1B29BF2E160079EC23 /* Main.storyboard */ = {
			isa = PBXVariantGroup;
			children = (
				D9CF2A1C29BF2E160079EC23 /* Base */,
			);
			name = Main.storyboard;
			sourceTree = "<group>";
		};
		D9CF2A2029BF2E180079EC23 /* LaunchScreen.storyboard */ = {
			isa = PBXVariantGroup;
			children = (
				D9CF2A2129BF2E180079EC23 /* Base */,
			);
			name = LaunchScreen.storyboard;
			sourceTree = "<group>";
		};
/* End PBXVariantGroup section */

/* Begin XCBuildConfiguration section */
		D9CF2A2429BF2E180079EC23 /* Debug */ = {
			isa = XCBuildConfiguration;
			buildSettings = {
				ALWAYS_SEARCH_USER_PATHS = NO;
				CLANG_ANALYZER_NONNULL = YES;
				CLANG_ANALYZER_NUMBER_OBJECT_CONVERSION = YES_AGGRESSIVE;
				CLANG_CXX_LANGUAGE_STANDARD = "gnu++20";
				CLANG_ENABLE_MODULES = YES;
				CLANG_ENABLE_OBJC_ARC = YES;
				CLANG_ENABLE_OBJC_WEAK = YES;
				CLANG_WARN_BLOCK_CAPTURE_AUTORELEASING = YES;
				CLANG_WARN_BOOL_CONVERSION = YES;
				CLANG_WARN_COMMA = YES;
				CLANG_WARN_CONSTANT_CONVERSION = YES;
				CLANG_WARN_DEPRECATED_OBJC_IMPLEMENTATIONS = YES;
				CLANG_WARN_DIRECT_OBJC_ISA_USAGE = YES_ERROR;
				CLANG_WARN_DOCUMENTATION_COMMENTS = YES;
				CLANG_WARN_EMPTY_BODY = YES;
				CLANG_WARN_ENUM_CONVERSION = YES;
				CLANG_WARN_INFINITE_RECURSION = YES;
				CLANG_WARN_INT_CONVERSION = YES;
				CLANG_WARN_NON_LITERAL_NULL_CONVERSION = YES;
				CLANG_WARN_OBJC_IMPLICIT_RETAIN_SELF = YES;
				CLANG_WARN_OBJC_LITERAL_CONVERSION = YES;
				CLANG_WARN_OBJC_ROOT_CLASS = YES_ERROR;
				CLANG_WARN_QUOTED_INCLUDE_IN_FRAMEWORK_HEADER = YES;
				CLANG_WARN_RANGE_LOOP_ANALYSIS = YES;
				CLANG_WARN_STRICT_PROTOTYPES = YES;
				CLANG_WARN_SUSPICIOUS_MOVE = YES;
				CLANG_WARN_UNGUARDED_AVAILABILITY = YES_AGGRESSIVE;
				CLANG_WARN_UNREACHABLE_CODE = YES;
				CLANG_WARN__DUPLICATE_METHOD_MATCH = YES;
				COPY_PHASE_STRIP = NO;
				DEBUG_INFORMATION_FORMAT = dwarf;
				ENABLE_STRICT_OBJC_MSGSEND = YES;
				ENABLE_TESTABILITY = YES;
				GCC_C_LANGUAGE_STANDARD = gnu11;
				GCC_DYNAMIC_NO_PIC = NO;
				GCC_NO_COMMON_BLOCKS = YES;
				GCC_OPTIMIZATION_LEVEL = 0;
				GCC_PREPROCESSOR_DEFINITIONS = (
					"DEBUG=1",
					"$(inherited)",
				);
				GCC_WARN_64_TO_32_BIT_CONVERSION = YES;
				GCC_WARN_ABOUT_RETURN_TYPE = YES_ERROR;
				GCC_WARN_UNDECLARED_SELECTOR = YES;
				GCC_WARN_UNINITIALIZED_AUTOS = YES_AGGRESSIVE;
				GCC_WARN_UNUSED_FUNCTION = YES;
				GCC_WARN_UNUSED_VARIABLE = YES;
				IPHONEOS_DEPLOYMENT_TARGET = 16.1;
				MTL_ENABLE_DEBUG_INFO = INCLUDE_SOURCE;
				MTL_FAST_MATH = YES;
				ONLY_ACTIVE_ARCH = YES;
				SDKROOT = iphoneos;
				SWIFT_ACTIVE_COMPILATION_CONDITIONS = DEBUG;
				SWIFT_OPTIMIZATION_LEVEL = "-Onone";
			};
			name = Debug;
		};
		D9CF2A2529BF2E180079EC23 /* Release */ = {
			isa = XCBuildConfiguration;
			buildSettings = {
				ALWAYS_SEARCH_USER_PATHS = NO;
				CLANG_ANALYZER_NONNULL = YES;
				CLANG_ANALYZER_NUMBER_OBJECT_CONVERSION = YES_AGGRESSIVE;
				CLANG_CXX_LANGUAGE_STANDARD = "gnu++20";
				CLANG_ENABLE_MODULES = YES;
				CLANG_ENABLE_OBJC_ARC = YES;
				CLANG_ENABLE_OBJC_WEAK = YES;
				CLANG_WARN_BLOCK_CAPTURE_AUTORELEASING = YES;
				CLANG_WARN_BOOL_CONVERSION = YES;
				CLANG_WARN_COMMA = YES;
				CLANG_WARN_CONSTANT_CONVERSION = YES;
				CLANG_WARN_DEPRECATED_OBJC_IMPLEMENTATIONS = YES;
				CLANG_WARN_DIRECT_OBJC_ISA_USAGE = YES_ERROR;
				CLANG_WARN_DOCUMENTATION_COMMENTS = YES;
				CLANG_WARN_EMPTY_BODY = YES;
				CLANG_WARN_ENUM_CONVERSION = YES;
				CLANG_WARN_INFINITE_RECURSION = YES;
				CLANG_WARN_INT_CONVERSION = YES;
				CLANG_WARN_NON_LITERAL_NULL_CONVERSION = YES;
				CLANG_WARN_OBJC_IMPLICIT_RETAIN_SELF = YES;
				CLANG_WARN_OBJC_LITERAL_CONVERSION = YES;
				CLANG_WARN_OBJC_ROOT_CLASS = YES_ERROR;
				CLANG_WARN_QUOTED_INCLUDE_IN_FRAMEWORK_HEADER = YES;
				CLANG_WARN_RANGE_LOOP_ANALYSIS = YES;
				CLANG_WARN_STRICT_PROTOTYPES = YES;
				CLANG_WARN_SUSPICIOUS_MOVE = YES;
				CLANG_WARN_UNGUARDED_AVAILABILITY = YES_AGGRESSIVE;
				CLANG_WARN_UNREACHABLE_CODE = YES;
				CLANG_WARN__DUPLICATE_METHOD_MATCH = YES;
				COPY_PHASE_STRIP = NO;
				DEBUG_INFORMATION_FORMAT = "dwarf-with-dsym";
				ENABLE_NS_ASSERTIONS = NO;
				ENABLE_STRICT_OBJC_MSGSEND = YES;
				GCC_C_LANGUAGE_STANDARD = gnu11;
				GCC_NO_COMMON_BLOCKS = YES;
				GCC_WARN_64_TO_32_BIT_CONVERSION = YES;
				GCC_WARN_ABOUT_RETURN_TYPE = YES_ERROR;
				GCC_WARN_UNDECLARED_SELECTOR = YES;
				GCC_WARN_UNINITIALIZED_AUTOS = YES_AGGRESSIVE;
				GCC_WARN_UNUSED_FUNCTION = YES;
				GCC_WARN_UNUSED_VARIABLE = YES;
				IPHONEOS_DEPLOYMENT_TARGET = 16.1;
				MTL_ENABLE_DEBUG_INFO = NO;
				MTL_FAST_MATH = YES;
				SDKROOT = iphoneos;
				SWIFT_COMPILATION_MODE = wholemodule;
				SWIFT_OPTIMIZATION_LEVEL = "-O";
				VALIDATE_PRODUCT = YES;
			};
			name = Release;
		};
		D9CF2A2729BF2E180079EC23 /* Debug */ = {
			isa = XCBuildConfiguration;
			buildSettings = {
				ASSETCATALOG_COMPILER_APPICON_NAME = AppIcon;
				ASSETCATALOG_COMPILER_GLOBAL_ACCENT_COLOR_NAME = AccentColor;
				CODE_SIGN_STYLE = Automatic;
				CURRENT_PROJECT_VERSION = 1;
				DEVELOPMENT_TEAM = 4EK8A9V52S;
				GENERATE_INFOPLIST_FILE = YES;
				INFOPLIST_FILE = PoseSaver/Info.plist;
				INFOPLIST_KEY_NSCameraUsageDescription = "Camera access for user view";
				INFOPLIST_KEY_UIApplicationSupportsIndirectInputEvents = YES;
				INFOPLIST_KEY_UILaunchStoryboardName = LaunchScreen;
				INFOPLIST_KEY_UIMainStoryboardFile = Main;
				INFOPLIST_KEY_UISupportedInterfaceOrientations_iPad = "UIInterfaceOrientationPortrait UIInterfaceOrientationPortraitUpsideDown UIInterfaceOrientationLandscapeLeft UIInterfaceOrientationLandscapeRight";
				INFOPLIST_KEY_UISupportedInterfaceOrientations_iPhone = "UIInterfaceOrientationPortrait UIInterfaceOrientationLandscapeLeft UIInterfaceOrientationLandscapeRight";
				IPHONEOS_DEPLOYMENT_TARGET = 15;
				LD_RUNPATH_SEARCH_PATHS = (
					"$(inherited)",
					"@executable_path/Frameworks",
				);
				MARKETING_VERSION = 1.0;
				PRODUCT_BUNDLE_IDENTIFIER = com.dex.PoseSaver1;
				PRODUCT_NAME = "$(TARGET_NAME)";
				SWIFT_EMIT_LOC_STRINGS = YES;
				SWIFT_VERSION = 5.0;
				TARGETED_DEVICE_FAMILY = "1,2";
			};
			name = Debug;
		};
		D9CF2A2829BF2E180079EC23 /* Release */ = {
			isa = XCBuildConfiguration;
			buildSettings = {
				ASSETCATALOG_COMPILER_APPICON_NAME = AppIcon;
				ASSETCATALOG_COMPILER_GLOBAL_ACCENT_COLOR_NAME = AccentColor;
				CODE_SIGN_STYLE = Manual;
				CURRENT_PROJECT_VERSION = 1;
				DEVELOPMENT_TEAM = "";
				GENERATE_INFOPLIST_FILE = YES;
				INFOPLIST_FILE = PoseSaver/Info.plist;
				INFOPLIST_KEY_NSCameraUsageDescription = "Camera access for user view";
				INFOPLIST_KEY_UIApplicationSupportsIndirectInputEvents = YES;
				INFOPLIST_KEY_UILaunchStoryboardName = LaunchScreen;
				INFOPLIST_KEY_UIMainStoryboardFile = Main;
				INFOPLIST_KEY_UISupportedInterfaceOrientations_iPad = "UIInterfaceOrientationPortrait UIInterfaceOrientationPortraitUpsideDown UIInterfaceOrientationLandscapeLeft UIInterfaceOrientationLandscapeRight";
				INFOPLIST_KEY_UISupportedInterfaceOrientations_iPhone = "UIInterfaceOrientationPortrait UIInterfaceOrientationLandscapeLeft UIInterfaceOrientationLandscapeRight";
				IPHONEOS_DEPLOYMENT_TARGET = 15;
				LD_RUNPATH_SEARCH_PATHS = (
					"$(inherited)",
					"@executable_path/Frameworks",
				);
				MARKETING_VERSION = 1.0;
				PRODUCT_BUNDLE_IDENTIFIER = com.dex.PoseSaver;
				PRODUCT_NAME = "$(TARGET_NAME)";
				PROVISIONING_PROFILE_SPECIFIER = "";
				SWIFT_EMIT_LOC_STRINGS = YES;
				SWIFT_VERSION = 5.0;
				TARGETED_DEVICE_FAMILY = "1,2";
			};
			name = Release;
		};
/* End XCBuildConfiguration section */

/* Begin XCConfigurationList section */
		D9CF2A0D29BF2E160079EC23 /* Build configuration list for PBXProject "PoseSaver" */ = {
			isa = XCConfigurationList;
			buildConfigurations = (
				D9CF2A2429BF2E180079EC23 /* Debug */,
				D9CF2A2529BF2E180079EC23 /* Release */,
			);
			defaultConfigurationIsVisible = 0;
			defaultConfigurationName = Release;
		};
		D9CF2A2629BF2E180079EC23 /* Build configuration list for PBXNativeTarget "PoseSaver" */ = {
			isa = XCConfigurationList;
			buildConfigurations = (
				D9CF2A2729BF2E180079EC23 /* Debug */,
				D9CF2A2829BF2E180079EC23 /* Release */,
			);
			defaultConfigurationIsVisible = 0;
			defaultConfigurationName = Release;
		};
/* End XCConfigurationList section */
	};
	rootObject = D9CF2A0A29BF2E160079EC23 /* Project object */;
}
